{
  "name": "weather",
  "version": "1.0.0",
  "lockfileVersion": 3,
  "requires": true,
  "packages": {
    "": {
      "name": "weather",
      "version": "1.0.0",
      "license": "ISC",
      "dependencies": {
        "openai": "^6.6.0",
        "openmeteo": "^1.2.1",
        "readline-sync": "^1.4.10"
      }
    },
    "node_modules/@openmeteo/sdk": {
      "version": "1.21.2",
      "resolved": "https://registry.npmjs.org/@openmeteo/sdk/-/sdk-1.21.2.tgz",
      "integrity": "sha512-AaX53PfPMVAaxdvuthRJePLD46eGYoaGQMEW5A0/xuAjigTQncN4WOhrXlOvg8aG8zfQQVUmhKFDHB/+UCUVoQ==",
      "license": "MIT",
      "dependencies": {
        "flatbuffers": "^25.2.10"
      },
      "engines": {
        "node": ">=12.0"
      }
    },
    "node_modules/flatbuffers": {
      "version": "25.9.23",
      "resolved": "https://registry.npmjs.org/flatbuffers/-/flatbuffers-25.9.23.tgz",
      "integrity": "sha512-MI1qs7Lo4Syw0EOzUl0xjs2lsoeqFku44KpngfIduHBYvzm8h2+7K8YMQh1JtVVVrUvhLpNwqVi4DERegUJhPQ==",
      "license": "Apache-2.0"
    },
    "node_modules/openai": {
      "version": "6.6.0",
      "resolved": "https://registry.npmjs.org/openai/-/openai-6.6.0.tgz",
      "integrity": "sha512-1yWk4cBsHF5Bq9TreHYOHY7pbqdlT74COnm8vPx7WKn36StS+Hyk8DdAitnLaw67a5Cudkz5EmlFQjSrNnrA2w==",
      "license": "Apache-2.0",
      "bin": {
        "openai": "bin/cli"
      },
      "peerDependencies": {
        "ws": "^8.18.0",
        "zod": "^3.25 || ^4.0"
      },
      "peerDependenciesMeta": {
        "ws": {
          "optional": true
        },
        "zod": {
          "optional": true
        }
      }
    },
    "node_modules/openmeteo": {
      "version": "1.2.1",
      "resolved": "https://registry.npmjs.org/openmeteo/-/openmeteo-1.2.1.tgz",
      "integrity": "sha512-BNps/RuJo0tIWhBiEvThO28Df3pU6q7m77wBhuS74FkvYYmrub9+KqzBiMd6XNPhWL4tPfG0iE3tXREy+pkwiQ==",
      "license": "MIT",
      "dependencies": {
        "@openmeteo/sdk": "^1.21.1",
        "flatbuffers": "^25.2.10"
      },
      "engines": {
        "node": ">=12.0"
      }
    },
    "node_modules/readline-sync": {
      "version": "1.4.10",
      "resolved": "https://registry.npmjs.org/readline-sync/-/readline-sync-1.4.10.tgz",
      "integrity": "sha512-gNva8/6UAe8QYepIQH/jQ2qn91Qj0B9sYjMBBs3QOB8F2CXcKgLxQaJRP76sWVRQt+QU+8fAkCbCvjjMFu7Ycw==",
      "license": "MIT",
      "engines": {
        "node": ">= 0.8.0"
      }
    }
  }
}
